
Microsoft Visual Studio Solution File, Format Version 12.00
# Visual Studio Version 17
VisualStudioVersion = 17.5.002.0
MinimumVisualStudioVersion = 10.0.40219.1
Project("{9A19103F-16F7-4668-BE54-9A1E7A4F7556}") = "app", "app.csproj", "{656EB80A-062F-45AA-973E-490A258F9069}"
EndProject
Global
	GlobalSection(SolutionConfigurationPlatforms) = preSolution
		Debug|Any CPU = Debug|Any CPU
		Release|Any CPU = Release|Any CPU
	EndGlobalSection
	GlobalSection(ProjectConfigurationPlatforms) = postSolution
		{656EB80A-062F-45AA-973E-490A258F9069}.Debug|Any CPU.ActiveCfg = Debug|Any CPU
		{656EB80A-062F-45AA-973E-490A258F9069}.Debug|Any CPU.Build.0 = Debug|Any CPU
		{656EB80A-062F-45AA-973E-490A258F9069}.Release|Any CPU.ActiveCfg = Release|Any CPU
		{656EB80A-062F-45AA-973E-490A258F9069}.Release|Any CPU.Build.0 = Release|Any CPU
	EndGlobalSection
	GlobalSection(SolutionProperties) = preSolution
		HideSolutionNode = FALSE
	EndGlobalSection
	GlobalSection(ExtensibilityGlobals) = postSolution
		SolutionGuid = {16431A00-AD2C-438A-9B9F-3DE5B439C354}
	EndGlobalSection
EndGlobal
